// !$*UTF8*$!
{
	archiveVersion = 1;
	classes = {
	};
	objectVersion = 48;
	objects = {

/* Begin PBXBuildFile section */
		32E85DA41F95FBE100A557AD /* AppDelegate.m in Sources */ = {isa = PBXBuildFile; fileRef = 32E85DA31F95FBE100A557AD /* AppDelegate.m */; };
		32E85DA71F95FBE100A557AD /* ViewController.m in Sources */ = {isa = PBXBuildFile; fileRef = 32E85DA61F95FBE100A557AD /* ViewController.m */; };
		32E85DAA1F95FBE100A557AD /* Main.storyboard in Resources */ = {isa = PBXBuildFile; fileRef = 32E85DA81F95FBE100A557AD /* Main.storyboard */; };
		32E85DAC1F95FBE100A557AD /* Assets.xcassets in Resources */ = {isa = PBXBuildFile; fileRef = 32E85DAB1F95FBE100A557AD /* Assets.xcassets */; };
		32E85DAF1F95FBE100A557AD /* LaunchScreen.storyboard in Resources */ = {isa = PBXBuildFile; fileRef = 32E85DAD1F95FBE100A557AD /* LaunchScreen.storyboard */; };
		32E85DB21F95FBE100A557AD /* main.m in Sources */ = {isa = PBXBuildFile; fileRef = 32E85DB11F95FBE100A557AD /* main.m */; };
/* End PBXBuildFile section */

/* Begin PBXFileReference section */
		32E85D9F1F95FBE100A557AD /* CyhSimpleExcel.app */ = {isa = PBXFileReference; explicitFileType = wrapper.application; includeInIndex = 0; path = CyhSimpleExcel.app; sourceTree = BUILT_PRODUCTS_DIR; };
		32E85DA21F95FBE100A557AD /* AppDelegate.h */ = {isa = PBXFileReference; lastKnownFileType = sourcecode.c.h; path = AppDelegate.h; sourceTree = "<group>"; };
		32E85DA31F95FBE100A557AD /* AppDelegate.m */ = {isa = PBXFileReference; lastKnownFileType = sourcecode.c.objc; path = AppDelegate.m; sourceTree = "<group>"; };
		32E85DA51F95FBE100A557AD /* ViewController.h */ = {isa = PBXFileReference; lastKnownFileType = sourcecode.c.h; path = ViewController.h; sourceTree = "<group>"; };
		32E85DA61F95FBE100A557AD /* ViewController.m */ = {isa = PBXFileReference; lastKnownFileType = sourcecode.c.objc; path = ViewController.m; sourceTree = "<group>"; };
		32E85DA91F95FBE100A557AD /* Base */ = {isa = PBXFileReference; lastKnownFileType = file.storyboard; name = Base; path = Base.lproj/Main.storyboard; sourceTree = "<group>"; };
		32E85DAB1F95FBE100A557AD /* Assets.xcassets */ = {isa = PBXFileReference; lastKnownFileType = folder.assetcatalog; path = Assets.xcassets; sourceTree = "<group>"; };
		32E85DAE1F95FBE100A557AD /* Base */ = {isa = PBXFileReference; lastKnownFileType = file.storyboard; name = Base; path = Base.lproj/LaunchScreen.storyboard; sourceTree = "<group>"; };
		32E85DB01F95FBE100A557AD /* Info.plist */ = {isa = PBXFileReference; lastKnownFileType = text.plist.xml; path = Info.plist; sourceTree = "<group>"; };
		32E85DB11F95FBE100A557AD /* main.m */ = {isa = PBXFileReference; lastKnownFileType = sourcecode.c.objc; path = main.m; sourceTree = "<group>"; };
/* End PBXFileReference section */

/* Begin PBXFrameworksBuildPhase section */
		32E85D9C1F95FBE100A557AD /* Frameworks */ = {
			isa = PBXFrameworksBuildPhase;
			buildActionMask = 2147483647;
			files = (
			);
			runOnlyForDeploymentPostprocessing = 0;
		};
/* End PBXFrameworksBuildPhase section */

/* Begin PBXGroup section */
		32E85D961F95FBE100A557AD = {
			isa = PBXGroup;
			children = (
				32E85DA11F95FBE100A557AD /* CyhSimpleExcel */,
				32E85DA01F95FBE100A557AD /* Products */,
			);
			sourceTree = "<group>";
		};
		32E85DA01F95FBE100A557AD /* Products */ = {
			isa = PBXGroup;
			children = (
				32E85D9F1F95FBE100A557AD /* CyhSimpleExcel.app */,
			);
			name = Products;
			sourceTree = "<group>";
		};
		32E85DA11F95FBE100A557AD /* CyhSimpleExcel */ = {
			isa = PBXGroup;
			children = (
				32E85DA21F95FBE100A557AD /* AppDelegate.h */,
				32E85DA31F95FBE100A557AD /* AppDelegate.m */,
				32E85DA51F95FBE100A557AD /* ViewController.h */,
				32E85DA61F95FBE100A557AD /* ViewController.m */,
				32E85DA81F95FBE100A557AD /* Main.storyboard */,
				32E85DAB1F95FBE100A557AD /* Assets.xcassets */,
				32E85DAD1F95FBE100A557AD /* LaunchScreen.storyboard */,
				32E85DB01F95FBE100A557AD /* Info.plist */,
				32E85DB11F95FBE100A557AD /* main.m */,
			);
			path = CyhSimpleExcel;
			sourceTree = "<group>";
		};
/* End PBXGroup section */

/* Begin PBXNativeTarget section */
		32E85D9E1F95FBE100A557AD /* CyhSimpleExcel */ = {
			isa = PBXNativeTarget;
			buildConfigurationList = 32E85DB51F95FBE100A557AD /* Build configuration list for PBXNativeTarget "CyhSimpleExcel" */;
			buildPhases = (
				32E85D9B1F95FBE100A557AD /* Sources */,
				32E85D9C1F95FBE100A557AD /* Frameworks */,
				32E85D9D1F95FBE100A557AD /* Resources */,
			);
			buildRules = (
			);
			dependencies = (
			);
			name = CyhSimpleExcel;
			productName = CyhSimpleExcel;
			productReference = 32E85D9F1F95FBE100A557AD /* CyhSimpleExcel.app */;
			productType = "com.apple.product-type.application";
		};
/* End PBXNativeTarget section */

/* Begin PBXProject section */
		32E85D971F95FBE100A557AD /* Project object */ = {
			isa = PBXProject;
			attributes = {
				LastUpgradeCheck = 0900;
				ORGANIZATIONNAME = "陈海哥";
				TargetAttributes = {
					32E85D9E1F95FBE100A557AD = {
						CreatedOnToolsVersion = 9.0;
						ProvisioningStyle = Automatic;
					};
				};
			};
			buildConfigurationList = 32E85D9A1F95FBE100A557AD /* Build configuration list for PBXProject "CyhSimpleExcel" */;
			compatibilityVersion = "Xcode 8.0";
			developmentRegion = en;
			hasScannedForEncodings = 0;
			knownRegions = (
				en,
				Base,
			);
			mainGroup = 32E85D961F95FBE100A557AD;
			productRefGroup = 32E85DA01F95FBE100A557AD /* Products */;
			projectDirPath = "";
			projectRoot = "";
			targets = (
				32E85D9E1F95FBE100A557AD /* CyhSimpleExcel */,
			);
		};
/* End PBXProject section */

/* Begin PBXResourcesBuildPhase section */
		32E85D9D1F95FBE100A557AD /* Resources */ = {
			isa = PBXResourcesBuildPhase;
			buildActionMask = 2147483647;
			files = (
				32E85DAF1F95FBE100A557AD /* LaunchScreen.storyboard in Resources */,
				32E85DAC1F95FBE100A557AD /* Assets.xcassets in Resources */,
				32E85DAA1F95FBE100A557AD /* Main.storyboard in Resources */,
			);
			runOnlyForDeploymentPostprocessing = 0;
		};
/* End PBXResourcesBuildPhase section */

/* Begin PBXSourcesBuildPhase section */
		32E85D9B1F95FBE100A557AD /* Sources */ = {
			isa = PBXSourcesBuildPhase;
			buildActionMask = 2147483647;
			files = (
				32E85DA71F95FBE100A557AD /* ViewController.m in Sources */,
				32E85DB21F95FBE100A557AD /* main.m in Sources */,
				32E85DA41F95FBE100A557AD /* AppDelegate.m in Sources */,
			);
			runOnlyForDeploymentPostprocessing = 0;
		};
/* End PBXSourcesBuildPhase section */

/* Begin PBXVariantGroup section */
		32E85DA81F95FBE100A557AD /* Main.storyboard */ = {
			isa = PBXVariantGroup;
			children = (
				32E85DA91F95FBE100A557AD /* Base */,
			);
			name = Main.storyboard;
			sourceTree = "<group>";
		};
		32E85DAD1F95FBE100A557AD /* LaunchScreen.storyboard */ = {
			isa = PBXVariantGroup;
			children = (
				32E85DAE1F95FBE100A557AD /* Base */,
			);
			name = LaunchScreen.storyboard;
			sourceTree = "<group>";
		};
/* End PBXVariantGroup section */

/* Begin XCBuildConfiguration section */
		32E85DB31F95FBE100A557AD /* Debug */ = {
			isa = XCBuildConfiguration;
			buildSettings = {
				ALWAYS_SEARCH_USER_PATHS = NO;
				CLANG_ANALYZER_NONNULL = YES;
				CLANG_ANALYZER_NUMBER_OBJECT_CONVERSION = YES_AGGRESSIVE;
				CLANG_CXX_LANGUAGE_STANDARD = "gnu++14";
				CLANG_CXX_LIBRARY = "libc++";
				CLANG_ENABLE_MODULES = YES;
				CLANG_ENABLE_OBJC_ARC = YES;
				CLANG_WARN_BLOCK_CAPTURE_AUTORELEASING = YES;
				CLANG_WARN_BOOL_CONVERSION = YES;
				CLANG_WARN_COMMA = YES;
				CLANG_WARN_CONSTANT_CONVERSION = YES;
				CLANG_WARN_DIRECT_OBJC_ISA_USAGE = YES_ERROR;
				CLANG_WARN_DOCUMENTATION_COMMENTS = YES;
				CLANG_WARN_EMPTY_BODY = YES;
				CLANG_WARN_ENUM_CONVERSION = YES;
				CLANG_WARN_INFINITE_RECURSION = YES;
				CLANG_WARN_INT_CONVERSION = YES;
				CLANG_WARN_NON_LITERAL_NULL_CONVERSION = YES;
				CLANG_WARN_OBJC_LITERAL_CONVERSION = YES;
				CLANG_WARN_OBJC_ROOT_CLASS = YES_ERROR;
				CLANG_WARN_RANGE_LOOP_ANALYSIS = YES;
				CLANG_WARN_STRICT_PROTOTYPES = YES;
				CLANG_WARN_SUSPICIOUS_MOVE = YES;
				CLANG_WARN_UNGUARDED_AVAILABILITY = YES_AGGRESSIVE;
				CLANG_WARN_UNREACHABLE_CODE = YES;
				CLANG_WARN__DUPLICATE_METHOD_MATCH = YES;
				CODE_SIGN_IDENTITY = "iPhone Developer";
				COPY_PHASE_STRIP = NO;
				DEBUG_INFORMATION_FORMAT = dwarf;
				ENABLE_STRICT_OBJC_MSGSEND = YES;
				ENABLE_TESTABILITY = YES;
				GCC_C_LANGUAGE_STANDARD = gnu11;
				GCC_DYNAMIC_NO_PIC = NO;
				GCC_NO_COMMON_BLOCKS = YES;
				GCC_OPTIMIZATION_LEVEL = 0;
				GCC_PREPROCESSOR_DEFINITIONS = (
					"DEBUG=1",
					"$(inherited)",
				);
				GCC_WARN_64_TO_32_BIT_CONVERSION = YES;
				GCC_WARN_ABOUT_RETURN_TYPE = YES_ERROR;
				GCC_WARN_UNDECLARED_SELECTOR = YES;
				GCC_WARN_UNINITIALIZED_AUTOS = YES_AGGRESSIVE;
				GCC_WARN_UNUSED_FUNCTION = YES;
				GCC_WARN_UNUSED_VARIABLE = YES;
				IPHONEOS_DEPLOYMENT_TARGET = 11.0;
				MTL_ENABLE_DEBUG_INFO = YES;
				ONLY_ACTIVE_ARCH = YES;
				SDKROOT = iphoneos;
			};
			name = Debug;
		};
		32E85DB41F95FBE100A557AD /* Release */ = {
			isa = XCBuildConfiguration;
			buildSettings = {
				ALWAYS_SEARCH_USER_PATHS = NO;
				CLANG_ANALYZER_NONNULL = YES;
				CLANG_ANALYZER_NUMBER_OBJECT_CONVERSION = YES_AGGRESSIVE;
				CLANG_CXX_LANGUAGE_STANDARD = "gnu++14";
				CLANG_CXX_LIBRARY = "libc++";
				CLANG_ENABLE_MODULES = YES;
				CLANG_ENABLE_OBJC_ARC = YES;
				CLANG_WARN_BLOCK_CAPTURE_AUTORELEASING = YES;
				CLANG_WARN_BOOL_CONVERSION = YES;
				CLANG_WARN_COMMA = YES;
				CLANG_WARN_CONSTANT_CONVERSION = YES;
				CLANG_WARN_DIRECT_OBJC_ISA_USAGE = YES_ERROR;
				CLANG_WARN_DOCUMENTATION_COMMENTS = YES;
				CLANG_WARN_EMPTY_BODY = YES;
				CLANG_WARN_ENUM_CONVERSION = YES;
				CLANG_WARN_INFINITE_RECURSION = YES;
				CLANG_WARN_INT_CONVERSION = YES;
				CLANG_WARN_NON_LITERAL_NULL_CONVERSION = YES;
				CLANG_WARN_OBJC_LITERAL_CONVERSION = YES;
				CLANG_WARN_OBJC_ROOT_CLASS = YES_ERROR;
				CLANG_WARN_RANGE_LOOP_ANALYSIS = YES;
				CLANG_WARN_STRICT_PROTOTYPES = YES;
				CLANG_WARN_SUSPICIOUS_MOVE = YES;
				CLANG_WARN_UNGUARDED_AVAILABILITY = YES_AGGRESSIVE;
				CLANG_WARN_UNREACHABLE_CODE = YES;
				CLANG_WARN__DUPLICATE_METHOD_MATCH = YES;
				CODE_SIGN_IDENTITY = "iPhone Developer";
				COPY_PHASE_STRIP = NO;
				DEBUG_INFORMATION_FORMAT = "dwarf-with-dsym";
				ENABLE_NS_ASSERTIONS = NO;
				ENABLE_STRICT_OBJC_MSGSEND = YES;
				GCC_C_LANGUAGE_STANDARD = gnu11;
				GCC_NO_COMMON_BLOCKS = YES;
				GCC_WARN_64_TO_32_BIT_CONVERSION = YES;
				GCC_WARN_ABOUT_RETURN_TYPE = YES_ERROR;
				GCC_WARN_UNDECLARED_SELECTOR = YES;
				GCC_WARN_UNINITIALIZED_AUTOS = YES_AGGRESSIVE;
				GCC_WARN_UNUSED_FUNCTION = YES;
				GCC_WARN_UNUSED_VARIABLE = YES;
				IPHONEOS_DEPLOYMENT_TARGET = 11.0;
				MTL_ENABLE_DEBUG_INFO = NO;
				SDKROOT = iphoneos;
				VALIDATE_PRODUCT = YES;
			};
			name = Release;
		};
		32E85DB61F95FBE100A557AD /* Debug */ = {
			isa = XCBuildConfiguration;
			buildSettings = {
				ASSETCATALOG_COMPILER_APPICON_NAME = AppIcon;
				CODE_SIGN_STYLE = Automatic;
				INFOPLIST_FILE = CyhSimpleExcel/Info.plist;
				LD_RUNPATH_SEARCH_PATHS = "$(inherited) @executable_path/Frameworks";
				PRODUCT_BUNDLE_IDENTIFIER = Cyhai.CyhSimpleExcel;
				PRODUCT_NAME = "$(TARGET_NAME)";
				TARGETED_DEVICE_FAMILY = "1,2";
			};
			name = Debug;
		};
		32E85DB71F95FBE100A557AD /* Release */ = {
			isa = XCBuildConfiguration;
			buildSettings = {
				ASSETCATALOG_COMPILER_APPICON_NAME = AppIcon;
				CODE_SIGN_STYLE = Automatic;
				INFOPLIST_FILE = CyhSimpleExcel/Info.plist;
				LD_RUNPATH_SEARCH_PATHS = "$(inherited) @executable_path/Frameworks";
				PRODUCT_BUNDLE_IDENTIFIER = Cyhai.CyhSimpleExcel;
				PRODUCT_NAME = "$(TARGET_NAME)";
				TARGETED_DEVICE_FAMILY = "1,2";
			};
			name = Release;
		};
/* End XCBuildConfiguration section */

/* Begin XCConfigurationList section */
		32E85D9A1F95FBE100A557AD /* Build configuration list for PBXProject "CyhSimpleExcel" */ = {
			isa = XCConfigurationList;
			buildConfigurations = (
				32E85DB31F95FBE100A557AD /* Debug */,
				32E85DB41F95FBE100A557AD /* Release */,
			);
			defaultConfigurationIsVisible = 0;
			defaultConfigurationName = Release;
		};
		32E85DB51F95FBE100A557AD /* Build configuration list for PBXNativeTarget "CyhSimpleExcel" */ = {
			isa = XCConfigurationList;
			buildConfigurations = (
				32E85DB61F95FBE100A557AD /* Debug */,
				32E85DB71F95FBE100A557AD /* Release */,
			);
			defaultConfigurationIsVisible = 0;
			defaultConfigurationName = Release;
		};
/* End XCConfigurationList section */
	};
	rootObject = 32E85D971F95FBE100A557AD /* Project object */;
}
